
Microsoft Visual Studio Solution File, Format Version 12.00
# Visual Studio Express 15 for Windows Desktop
VisualStudioVersion = 15.0.28307.852
MinimumVisualStudioVersion = 10.0.40219.1
Project("{8BC9CEB8-8B4A-11D0-8D11-00A0C91BC942}") = "1day", "1day.vcxproj", "{813179C6-22A1-4047-997A-DF3489D0A762}"
EndProject
Global
	GlobalSection(SolutionConfigurationPlatforms) = preSolution
		Debug|x64 = Debug|x64
		Debug|x86 = Debug|x86
		Release|x64 = Release|x64
		Release|x86 = Release|x86
	EndGlobalSection
	GlobalSection(ProjectConfigurationPlatforms) = postSolution
		{813179C6-22A1-4047-997A-DF3489D0A762}.Debug|x64.ActiveCfg = Debug|x64
		{813179C6-22A1-4047-997A-DF3489D0A762}.Debug|x64.Build.0 = Debug|x64
		{813179C6-22A1-4047-997A-DF3489D0A762}.Debug|x86.ActiveCfg = Debug|Win32
		{813179C6-22A1-4047-997A-DF3489D0A762}.Debug|x86.Build.0 = Debug|Win32
		{813179C6-22A1-4047-997A-DF3489D0A762}.Release|x64.ActiveCfg = Release|x64
		{813179C6-22A1-4047-997A-DF3489D0A762}.Release|x64.Build.0 = Release|x64
		{813179C6-22A1-4047-997A-DF3489D0A762}.Release|x86.ActiveCfg = Release|Win32
		{813179C6-22A1-4047-997A-DF3489D0A762}.Release|x86.Build.0 = Release|Win32
	EndGlobalSection
	GlobalSection(SolutionProperties) = preSolution
		HideSolutionNode = FALSE
	EndGlobalSection
	GlobalSection(ExtensibilityGlobals) = postSolution
		SolutionGuid = {D1AFC143-5F89-476B-9ABF-0928B1657E3A}
	EndGlobalSection
EndGlobal
